// !$*UTF8*$!
{
	archiveVersion = 1;
	classes = {
	};
	objectVersion = 46;
	objects = {

/* Begin PBXBuildFile section */
		A817081D1B2EEDE00054E5F0 /* WQFColorDescription.m in Sources */ = {isa = PBXBuildFile; fileRef = A81708181B2EEDE00054E5F0 /* WQFColorDescription.m */; };
		A817081E1B2EEDE00054E5F0 /* WQFColorViewController.m in Sources */ = {isa = PBXBuildFile; fileRef = A817081A1B2EEDE00054E5F0 /* WQFColorViewController.m */; };
		A817081F1B2EEDE00054E5F0 /* WQFPaletteViewController.m in Sources */ = {isa = PBXBuildFile; fileRef = A817081C1B2EEDE00054E5F0 /* WQFPaletteViewController.m */; };
		A82369101B2D7E810039F490 /* main.m in Sources */ = {isa = PBXBuildFile; fileRef = A823690F1B2D7E810039F490 /* main.m */; };
		A82369131B2D7E810039F490 /* AppDelegate.m in Sources */ = {isa = PBXBuildFile; fileRef = A82369121B2D7E810039F490 /* AppDelegate.m */; };
		A823691B1B2D7E810039F490 /* Images.xcassets in Resources */ = {isa = PBXBuildFile; fileRef = A823691A1B2D7E810039F490 /* Images.xcassets */; };
		A823691E1B2D7E810039F490 /* LaunchScreen.xib in Resources */ = {isa = PBXBuildFile; fileRef = A823691C1B2D7E810039F490 /* LaunchScreen.xib */; };
		A823692A1B2D7E810039F490 /* ColorboardTests.m in Sources */ = {isa = PBXBuildFile; fileRef = A82369291B2D7E810039F490 /* ColorboardTests.m */; };
		A82369341B2D7EF70039F490 /* Colorboard.storyboard in Resources */ = {isa = PBXBuildFile; fileRef = A82369331B2D7EF70039F490 /* Colorboard.storyboard */; };
/* End PBXBuildFile section */

/* Begin PBXContainerItemProxy section */
		A82369241B2D7E810039F490 /* PBXContainerItemProxy */ = {
			isa = PBXContainerItemProxy;
			containerPortal = A82369021B2D7E810039F490 /* Project object */;
			proxyType = 1;
			remoteGlobalIDString = A82369091B2D7E810039F490;
			remoteInfo = Colorboard;
		};
/* End PBXContainerItemProxy section */

/* Begin PBXFileReference section */
		A81708171B2EEDE00054E5F0 /* WQFColorDescription.h */ = {isa = PBXFileReference; fileEncoding = 4; lastKnownFileType = sourcecode.c.h; path = WQFColorDescription.h; sourceTree = "<group>"; };
		A81708181B2EEDE00054E5F0 /* WQFColorDescription.m */ = {isa = PBXFileReference; fileEncoding = 4; lastKnownFileType = sourcecode.c.objc; path = WQFColorDescription.m; sourceTree = "<group>"; };
		A81708191B2EEDE00054E5F0 /* WQFColorViewController.h */ = {isa = PBXFileReference; fileEncoding = 4; lastKnownFileType = sourcecode.c.h; path = WQFColorViewController.h; sourceTree = "<group>"; };
		A817081A1B2EEDE00054E5F0 /* WQFColorViewController.m */ = {isa = PBXFileReference; fileEncoding = 4; lastKnownFileType = sourcecode.c.objc; path = WQFColorViewController.m; sourceTree = "<group>"; };
		A817081B1B2EEDE00054E5F0 /* WQFPaletteViewController.h */ = {isa = PBXFileReference; fileEncoding = 4; lastKnownFileType = sourcecode.c.h; path = WQFPaletteViewController.h; sourceTree = "<group>"; };
		A817081C1B2EEDE00054E5F0 /* WQFPaletteViewController.m */ = {isa = PBXFileReference; fileEncoding = 4; lastKnownFileType = sourcecode.c.objc; path = WQFPaletteViewController.m; sourceTree = "<group>"; };
		A823690A1B2D7E810039F490 /* Colorboard.app */ = {isa = PBXFileReference; explicitFileType = wrapper.application; includeInIndex = 0; path = Colorboard.app; sourceTree = BUILT_PRODUCTS_DIR; };
		A823690E1B2D7E810039F490 /* Info.plist */ = {isa = PBXFileReference; lastKnownFileType = text.plist.xml; path = Info.plist; sourceTree = "<group>"; };
		A823690F1B2D7E810039F490 /* main.m */ = {isa = PBXFileReference; lastKnownFileType = sourcecode.c.objc; path = main.m; sourceTree = "<group>"; };
		A82369111B2D7E810039F490 /* AppDelegate.h */ = {isa = PBXFileReference; lastKnownFileType = sourcecode.c.h; path = AppDelegate.h; sourceTree = "<group>"; };
		A82369121B2D7E810039F490 /* AppDelegate.m */ = {isa = PBXFileReference; lastKnownFileType = sourcecode.c.objc; path = AppDelegate.m; sourceTree = "<group>"; };
		A823691A1B2D7E810039F490 /* Images.xcassets */ = {isa = PBXFileReference; lastKnownFileType = folder.assetcatalog; path = Images.xcassets; sourceTree = "<group>"; };
		A823691D1B2D7E810039F490 /* Base */ = {isa = PBXFileReference; lastKnownFileType = file.xib; name = Base; path = Base.lproj/LaunchScreen.xib; sourceTree = "<group>"; };
		A82369231B2D7E810039F490 /* ColorboardTests.xctest */ = {isa = PBXFileReference; explicitFileType = wrapper.cfbundle; includeInIndex = 0; path = ColorboardTests.xctest; sourceTree = BUILT_PRODUCTS_DIR; };
		A82369281B2D7E810039F490 /* Info.plist */ = {isa = PBXFileReference; lastKnownFileType = text.plist.xml; path = Info.plist; sourceTree = "<group>"; };
		A82369291B2D7E810039F490 /* ColorboardTests.m */ = {isa = PBXFileReference; lastKnownFileType = sourcecode.c.objc; path = ColorboardTests.m; sourceTree = "<group>"; };
		A82369331B2D7EF70039F490 /* Colorboard.storyboard */ = {isa = PBXFileReference; fileEncoding = 4; lastKnownFileType = file.storyboard; path = Colorboard.storyboard; sourceTree = "<group>"; };
/* End PBXFileReference section */

/* Begin PBXFrameworksBuildPhase section */
		A82369071B2D7E810039F490 /* Frameworks */ = {
			isa = PBXFrameworksBuildPhase;
			buildActionMask = 2147483647;
			files = (
			);
			runOnlyForDeploymentPostprocessing = 0;
		};
		A82369201B2D7E810039F490 /* Frameworks */ = {
			isa = PBXFrameworksBuildPhase;
			buildActionMask = 2147483647;
			files = (
			);
			runOnlyForDeploymentPostprocessing = 0;
		};
/* End PBXFrameworksBuildPhase section */

/* Begin PBXGroup section */
		A82369011B2D7E810039F490 = {
			isa = PBXGroup;
			children = (
				A82369331B2D7EF70039F490 /* Colorboard.storyboard */,
				A823690C1B2D7E810039F490 /* Colorboard */,
				A82369261B2D7E810039F490 /* ColorboardTests */,
				A823690B1B2D7E810039F490 /* Products */,
			);
			sourceTree = "<group>";
		};
		A823690B1B2D7E810039F490 /* Products */ = {
			isa = PBXGroup;
			children = (
				A823690A1B2D7E810039F490 /* Colorboard.app */,
				A82369231B2D7E810039F490 /* ColorboardTests.xctest */,
			);
			name = Products;
			sourceTree = "<group>";
		};
		A823690C1B2D7E810039F490 /* Colorboard */ = {
			isa = PBXGroup;
			children = (
				A81708171B2EEDE00054E5F0 /* WQFColorDescription.h */,
				A81708181B2EEDE00054E5F0 /* WQFColorDescription.m */,
				A81708191B2EEDE00054E5F0 /* WQFColorViewController.h */,
				A817081A1B2EEDE00054E5F0 /* WQFColorViewController.m */,
				A817081B1B2EEDE00054E5F0 /* WQFPaletteViewController.h */,
				A817081C1B2EEDE00054E5F0 /* WQFPaletteViewController.m */,
				A82369111B2D7E810039F490 /* AppDelegate.h */,
				A82369121B2D7E810039F490 /* AppDelegate.m */,
				A823691A1B2D7E810039F490 /* Images.xcassets */,
				A823691C1B2D7E810039F490 /* LaunchScreen.xib */,
				A823690D1B2D7E810039F490 /* Supporting Files */,
			);
			path = Colorboard;
			sourceTree = "<group>";
		};
		A823690D1B2D7E810039F490 /* Supporting Files */ = {
			isa = PBXGroup;
			children = (
				A823690E1B2D7E810039F490 /* Info.plist */,
				A823690F1B2D7E810039F490 /* main.m */,
			);
			name = "Supporting Files";
			sourceTree = "<group>";
		};
		A82369261B2D7E810039F490 /* ColorboardTests */ = {
			isa = PBXGroup;
			children = (
				A82369291B2D7E810039F490 /* ColorboardTests.m */,
				A82369271B2D7E810039F490 /* Supporting Files */,
			);
			path = ColorboardTests;
			sourceTree = "<group>";
		};
		A82369271B2D7E810039F490 /* Supporting Files */ = {
			isa = PBXGroup;
			children = (
				A82369281B2D7E810039F490 /* Info.plist */,
			);
			name = "Supporting Files";
			sourceTree = "<group>";
		};
/* End PBXGroup section */

/* Begin PBXNativeTarget section */
		A82369091B2D7E810039F490 /* Colorboard */ = {
			isa = PBXNativeTarget;
			buildConfigurationList = A823692D1B2D7E810039F490 /* Build configuration list for PBXNativeTarget "Colorboard" */;
			buildPhases = (
				A82369061B2D7E810039F490 /* Sources */,
				A82369071B2D7E810039F490 /* Frameworks */,
				A82369081B2D7E810039F490 /* Resources */,
			);
			buildRules = (
			);
			dependencies = (
			);
			name = Colorboard;
			productName = Colorboard;
			productReference = A823690A1B2D7E810039F490 /* Colorboard.app */;
			productType = "com.apple.product-type.application";
		};
		A82369221B2D7E810039F490 /* ColorboardTests */ = {
			isa = PBXNativeTarget;
			buildConfigurationList = A82369301B2D7E810039F490 /* Build configuration list for PBXNativeTarget "ColorboardTests" */;
			buildPhases = (
				A823691F1B2D7E810039F490 /* Sources */,
				A82369201B2D7E810039F490 /* Frameworks */,
				A82369211B2D7E810039F490 /* Resources */,
			);
			buildRules = (
			);
			dependencies = (
				A82369251B2D7E810039F490 /* PBXTargetDependency */,
			);
			name = ColorboardTests;
			productName = ColorboardTests;
			productReference = A82369231B2D7E810039F490 /* ColorboardTests.xctest */;
			productType = "com.apple.product-type.bundle.unit-test";
		};
/* End PBXNativeTarget section */

/* Begin PBXProject section */
		A82369021B2D7E810039F490 /* Project object */ = {
			isa = PBXProject;
			attributes = {
				LastUpgradeCheck = 0630;
				ORGANIZATIONNAME = Wuqifu;
				TargetAttributes = {
					A82369091B2D7E810039F490 = {
						CreatedOnToolsVersion = 6.3.2;
					};
					A82369221B2D7E810039F490 = {
						CreatedOnToolsVersion = 6.3.2;
						TestTargetID = A82369091B2D7E810039F490;
					};
				};
			};
			buildConfigurationList = A82369051B2D7E810039F490 /* Build configuration list for PBXProject "Colorboard" */;
			compatibilityVersion = "Xcode 3.2";
			developmentRegion = English;
			hasScannedForEncodings = 0;
			knownRegions = (
				en,
				Base,
			);
			mainGroup = A82369011B2D7E810039F490;
			productRefGroup = A823690B1B2D7E810039F490 /* Products */;
			projectDirPath = "";
			projectRoot = "";
			targets = (
				A82369091B2D7E810039F490 /* Colorboard */,
				A82369221B2D7E810039F490 /* ColorboardTests */,
			);
		};
/* End PBXProject section */

/* Begin PBXResourcesBuildPhase section */
		A82369081B2D7E810039F490 /* Resources */ = {
			isa = PBXResourcesBuildPhase;
			buildActionMask = 2147483647;
			files = (
				A82369341B2D7EF70039F490 /* Colorboard.storyboard in Resources */,
				A823691E1B2D7E810039F490 /* LaunchScreen.xib in Resources */,
				A823691B1B2D7E810039F490 /* Images.xcassets in Resources */,
			);
			runOnlyForDeploymentPostprocessing = 0;
		};
		A82369211B2D7E810039F490 /* Resources */ = {
			isa = PBXResourcesBuildPhase;
			buildActionMask = 2147483647;
			files = (
			);
			runOnlyForDeploymentPostprocessing = 0;
		};
/* End PBXResourcesBuildPhase section */

/* Begin PBXSourcesBuildPhase section */
		A82369061B2D7E810039F490 /* Sources */ = {
			isa = PBXSourcesBuildPhase;
			buildActionMask = 2147483647;
			files = (
				A817081D1B2EEDE00054E5F0 /* WQFColorDescription.m in Sources */,
				A82369131B2D7E810039F490 /* AppDelegate.m in Sources */,
				A82369101B2D7E810039F490 /* main.m in Sources */,
				A817081E1B2EEDE00054E5F0 /* WQFColorViewController.m in Sources */,
				A817081F1B2EEDE00054E5F0 /* WQFPaletteViewController.m in Sources */,
			);
			runOnlyForDeploymentPostprocessing = 0;
		};
		A823691F1B2D7E810039F490 /* Sources */ = {
			isa = PBXSourcesBuildPhase;
			buildActionMask = 2147483647;
			files = (
				A823692A1B2D7E810039F490 /* ColorboardTests.m in Sources */,
			);
			runOnlyForDeploymentPostprocessing = 0;
		};
/* End PBXSourcesBuildPhase section */

/* Begin PBXTargetDependency section */
		A82369251B2D7E810039F490 /* PBXTargetDependency */ = {
			isa = PBXTargetDependency;
			target = A82369091B2D7E810039F490 /* Colorboard */;
			targetProxy = A82369241B2D7E810039F490 /* PBXContainerItemProxy */;
		};
/* End PBXTargetDependency section */

/* Begin PBXVariantGroup section */
		A823691C1B2D7E810039F490 /* LaunchScreen.xib */ = {
			isa = PBXVariantGroup;
			children = (
				A823691D1B2D7E810039F490 /* Base */,
			);
			name = LaunchScreen.xib;
			sourceTree = "<group>";
		};
/* End PBXVariantGroup section */

/* Begin XCBuildConfiguration section */
		A823692B1B2D7E810039F490 /* Debug */ = {
			isa = XCBuildConfiguration;
			buildSettings = {
				ALWAYS_SEARCH_USER_PATHS = NO;
				CLANG_CXX_LANGUAGE_STANDARD = "gnu++0x";
				CLANG_CXX_LIBRARY = "libc++";
				CLANG_ENABLE_MODULES = YES;
				CLANG_ENABLE_OBJC_ARC = YES;
				CLANG_WARN_BOOL_CONVERSION = YES;
				CLANG_WARN_CONSTANT_CONVERSION = YES;
				CLANG_WARN_DIRECT_OBJC_ISA_USAGE = YES_ERROR;
				CLANG_WARN_EMPTY_BODY = YES;
				CLANG_WARN_ENUM_CONVERSION = YES;
				CLANG_WARN_INT_CONVERSION = YES;
				CLANG_WARN_OBJC_ROOT_CLASS = YES_ERROR;
				CLANG_WARN_UNREACHABLE_CODE = YES;
				CLANG_WARN__DUPLICATE_METHOD_MATCH = YES;
				"CODE_SIGN_IDENTITY[sdk=iphoneos*]" = "iPhone Developer";
				COPY_PHASE_STRIP = NO;
				DEBUG_INFORMATION_FORMAT = "dwarf-with-dsym";
				ENABLE_STRICT_OBJC_MSGSEND = YES;
				GCC_C_LANGUAGE_STANDARD = gnu99;
				GCC_DYNAMIC_NO_PIC = NO;
				GCC_NO_COMMON_BLOCKS = YES;
				GCC_OPTIMIZATION_LEVEL = 0;
				GCC_PREPROCESSOR_DEFINITIONS = (
					"DEBUG=1",
					"$(inherited)",
				);
				GCC_SYMBOLS_PRIVATE_EXTERN = NO;
				GCC_WARN_64_TO_32_BIT_CONVERSION = YES;
				GCC_WARN_ABOUT_RETURN_TYPE = YES_ERROR;
				GCC_WARN_UNDECLARED_SELECTOR = YES;
				GCC_WARN_UNINITIALIZED_AUTOS = YES_AGGRESSIVE;
				GCC_WARN_UNUSED_FUNCTION = YES;
				GCC_WARN_UNUSED_VARIABLE = YES;
				IPHONEOS_DEPLOYMENT_TARGET = 8.3;
				MTL_ENABLE_DEBUG_INFO = YES;
				ONLY_ACTIVE_ARCH = YES;
				SDKROOT = iphoneos;
			};
			name = Debug;
		};
		A823692C1B2D7E810039F490 /* Release */ = {
			isa = XCBuildConfiguration;
			buildSettings = {
				ALWAYS_SEARCH_USER_PATHS = NO;
				CLANG_CXX_LANGUAGE_STANDARD = "gnu++0x";
				CLANG_CXX_LIBRARY = "libc++";
				CLANG_ENABLE_MODULES = YES;
				CLANG_ENABLE_OBJC_ARC = YES;
				CLANG_WARN_BOOL_CONVERSION = YES;
				CLANG_WARN_CONSTANT_CONVERSION = YES;
				CLANG_WARN_DIRECT_OBJC_ISA_USAGE = YES_ERROR;
				CLANG_WARN_EMPTY_BODY = YES;
				CLANG_WARN_ENUM_CONVERSION = YES;
				CLANG_WARN_INT_CONVERSION = YES;
				CLANG_WARN_OBJC_ROOT_CLASS = YES_ERROR;
				CLANG_WARN_UNREACHABLE_CODE = YES;
				CLANG_WARN__DUPLICATE_METHOD_MATCH = YES;
				"CODE_SIGN_IDENTITY[sdk=iphoneos*]" = "iPhone Developer";
				COPY_PHASE_STRIP = NO;
				DEBUG_INFORMATION_FORMAT = "dwarf-with-dsym";
				ENABLE_NS_ASSERTIONS = NO;
				ENABLE_STRICT_OBJC_MSGSEND = YES;
				GCC_C_LANGUAGE_STANDARD = gnu99;
				GCC_NO_COMMON_BLOCKS = YES;
				GCC_WARN_64_TO_32_BIT_CONVERSION = YES;
				GCC_WARN_ABOUT_RETURN_TYPE = YES_ERROR;
				GCC_WARN_UNDECLARED_SELECTOR = YES;
				GCC_WARN_UNINITIALIZED_AUTOS = YES_AGGRESSIVE;
				GCC_WARN_UNUSED_FUNCTION = YES;
				GCC_WARN_UNUSED_VARIABLE = YES;
				IPHONEOS_DEPLOYMENT_TARGET = 8.3;
				MTL_ENABLE_DEBUG_INFO = NO;
				SDKROOT = iphoneos;
				VALIDATE_PRODUCT = YES;
			};
			name = Release;
		};
		A823692E1B2D7E810039F490 /* Debug */ = {
			isa = XCBuildConfiguration;
			buildSettings = {
				ASSETCATALOG_COMPILER_APPICON_NAME = AppIcon;
				INFOPLIST_FILE = Colorboard/Info.plist;
				IPHONEOS_DEPLOYMENT_TARGET = 8.3;
				LD_RUNPATH_SEARCH_PATHS = "$(inherited) @executable_path/Frameworks";
				PRODUCT_NAME = "$(TARGET_NAME)";
				TARGETED_DEVICE_FAMILY = 1;
			};
			name = Debug;
		};
		A823692F1B2D7E810039F490 /* Release */ = {
			isa = XCBuildConfiguration;
			buildSettings = {
				ASSETCATALOG_COMPILER_APPICON_NAME = AppIcon;
				INFOPLIST_FILE = Colorboard/Info.plist;
				IPHONEOS_DEPLOYMENT_TARGET = 8.3;
				LD_RUNPATH_SEARCH_PATHS = "$(inherited) @executable_path/Frameworks";
				PRODUCT_NAME = "$(TARGET_NAME)";
				TARGETED_DEVICE_FAMILY = 1;
			};
			name = Release;
		};
		A82369311B2D7E810039F490 /* Debug */ = {
			isa = XCBuildConfiguration;
			buildSettings = {
				BUNDLE_LOADER = "$(TEST_HOST)";
				FRAMEWORK_SEARCH_PATHS = (
					"$(SDKROOT)/Developer/Library/Frameworks",
					"$(inherited)",
				);
				GCC_PREPROCESSOR_DEFINITIONS = (
					"DEBUG=1",
					"$(inherited)",
				);
				INFOPLIST_FILE = ColorboardTests/Info.plist;
				LD_RUNPATH_SEARCH_PATHS = "$(inherited) @executable_path/Frameworks @loader_path/Frameworks";
				PRODUCT_NAME = "$(TARGET_NAME)";
				TEST_HOST = "$(BUILT_PRODUCTS_DIR)/Colorboard.app/Colorboard";
			};
			name = Debug;
		};
		A82369321B2D7E810039F490 /* Release */ = {
			isa = XCBuildConfiguration;
			buildSettings = {
				BUNDLE_LOADER = "$(TEST_HOST)";
				FRAMEWORK_SEARCH_PATHS = (
					"$(SDKROOT)/Developer/Library/Frameworks",
					"$(inherited)",
				);
				INFOPLIST_FILE = ColorboardTests/Info.plist;
				LD_RUNPATH_SEARCH_PATHS = "$(inherited) @executable_path/Frameworks @loader_path/Frameworks";
				PRODUCT_NAME = "$(TARGET_NAME)";
				TEST_HOST = "$(BUILT_PRODUCTS_DIR)/Colorboard.app/Colorboard";
			};
			name = Release;
		};
/* End XCBuildConfiguration section */

/* Begin XCConfigurationList section */
		A82369051B2D7E810039F490 /* Build configuration list for PBXProject "Colorboard" */ = {
			isa = XCConfigurationList;
			buildConfigurations = (
				A823692B1B2D7E810039F490 /* Debug */,
				A823692C1B2D7E810039F490 /* Release */,
			);
			defaultConfigurationIsVisible = 0;
			defaultConfigurationName = Release;
		};
		A823692D1B2D7E810039F490 /* Build configuration list for PBXNativeTarget "Colorboard" */ = {
			isa = XCConfigurationList;
			buildConfigurations = (
				A823692E1B2D7E810039F490 /* Debug */,
				A823692F1B2D7E810039F490 /* Release */,
			);
			defaultConfigurationIsVisible = 0;
			defaultConfigurationName = Release;
		};
		A82369301B2D7E810039F490 /* Build configuration list for PBXNativeTarget "ColorboardTests" */ = {
			isa = XCConfigurationList;
			buildConfigurations = (
				A82369311B2D7E810039F490 /* Debug */,
				A82369321B2D7E810039F490 /* Release */,
			);
			defaultConfigurationIsVisible = 0;
			defaultConfigurationName = Release;
		};
/* End XCConfigurationList section */
	};
	rootObject = A82369021B2D7E810039F490 /* Project object */;
}
